
Microsoft Visual Studio Solution File, Format Version 12.00
Project("{FAE04EC0-301F-11D3-BF4B-00C04F79EFBC}") = "Overflow.AppHost", "Overflow.AppHost\Overflow.AppHost.csproj", "{E92F87C4-CB29-4008-B654-FA7D5B62B470}"
EndProject
Project("{FAE04EC0-301F-11D3-BF4B-00C04F79EFBC}") = "Overflow.ServiceDefaults", "Overflow.ServiceDefaults\Overflow.ServiceDefaults.csproj", "{36DE5E36-64C0-4D22-9250-6403559C08C2}"
EndProject
Global
	GlobalSection(SolutionConfigurationPlatforms) = preSolution
		Debug|Any CPU = Debug|Any CPU
		Release|Any CPU = Release|Any CPU
	EndGlobalSection
	GlobalSection(ProjectConfigurationPlatforms) = postSolution
		{E92F87C4-CB29-4008-B654-FA7D5B62B470}.Debug|Any CPU.ActiveCfg = Debug|Any CPU
		{E92F87C4-CB29-4008-B654-FA7D5B62B470}.Debug|Any CPU.Build.0 = Debug|Any CPU
		{E92F87C4-CB29-4008-B654-FA7D5B62B470}.Release|Any CPU.ActiveCfg = Release|Any CPU
		{E92F87C4-CB29-4008-B654-FA7D5B62B470}.Release|Any CPU.Build.0 = Release|Any CPU
		{36DE5E36-64C0-4D22-9250-6403559C08C2}.Debug|Any CPU.ActiveCfg = Debug|Any CPU
		{36DE5E36-64C0-4D22-9250-6403559C08C2}.Debug|Any CPU.Build.0 = Debug|Any CPU
		{36DE5E36-64C0-4D22-9250-6403559C08C2}.Release|Any CPU.ActiveCfg = Release|Any CPU
		{36DE5E36-64C0-4D22-9250-6403559C08C2}.Release|Any CPU.Build.0 = Release|Any CPU
	EndGlobalSection
EndGlobal
